{
  "name": "7-important-cryptography-topics",
  "version": "1.0.0",
  "lockfileVersion": 3,
  "requires": true,
  "packages": {
    "": {
      "name": "7-important-cryptography-topics",
      "version": "1.0.0",
      "license": "ISC",
      "dependencies": {
        "crystals-kyber-js": "^2.5.0"
      }
    },
    "node_modules/crystals-kyber-js": {
      "version": "2.5.0",
      "resolved": "https://registry.npmjs.org/crystals-kyber-js/-/crystals-kyber-js-2.5.0.tgz",
      "integrity": "sha512-L61fq9ZifBeAQXcMCrNisXrOZ8HWkVL/IMvEXOsoEMa4jO/mIUnO3H0UVKfuwqhYkJmBey+NCSehNP+U+SzsOA==",
      "license": "MIT",
      "engines": {
        "node": ">=16.0.0"
      }
    }
  }
}
